dependencies:
- name: elasticsearch
  repository: https://teamhava.github.io/hava-helm-selfhosted
  version: 6.8.23
- name: kibana
  repository: https://helm.elastic.co
  version: 6.8.22
digest: sha256:cee31cb8a2a3182e021b9bfbc23cdae39530563e7ebdead00b31d0c58490b52f
generated: "2024-01-04T16:27:30.087191+11:00"
